
Microsoft Visual Studio Solution File, Format Version 12.00
# Visual Studio 2012
Project("{F2A71F9B-5D33-465A-A702-920D77279786}") = "ConsoleApplication1", "ConsoleApplication1\ConsoleApplication1.fsproj", "{C355927C-96EF-48F7-9A2A-C726C7EEBB80}"
EndProject
Global
	GlobalSection(SolutionConfigurationPlatforms) = preSolution
		Debug|Any CPU = Debug|Any CPU
		Release|Any CPU = Release|Any CPU
	EndGlobalSection
	GlobalSection(ProjectConfigurationPlatforms) = postSolution
		{C355927C-96EF-48F7-9A2A-C726C7EEBB80}.Debug|Any CPU.ActiveCfg = Debug|Any CPU
		{C355927C-96EF-48F7-9A2A-C726C7EEBB80}.Debug|Any CPU.Build.0 = Debug|Any CPU
		{C355927C-96EF-48F7-9A2A-C726C7EEBB80}.Release|Any CPU.ActiveCfg = Release|Any CPU
		{C355927C-96EF-48F7-9A2A-C726C7EEBB80}.Release|Any CPU.Build.0 = Release|Any CPU
	EndGlobalSection
	GlobalSection(SolutionProperties) = preSolution
		HideSolutionNode = FALSE
	EndGlobalSection
EndGlobal
